
Microsoft Visual Studio Solution File, Format Version 12.00
# Visual Studio Version 17
VisualStudioVersion = 17.5.002.0
MinimumVisualStudioVersion = 10.0.40219.1
Project("{2150E333-8FDC-42A3-9474-1A3956D46DE8}") = "sandbox", "sandbox", "{DC2F4167-BCCB-4F71-A470-7FB660F9AF82}"
EndProject
Project("{9A19103F-16F7-4668-BE54-9A1E7A4F7556}") = "sandbox_project", "sandbox\sandbox_project\sandbox_project.csproj", "{DD14806F-4D88-438E-8C83-B49299736214}"
EndProject
Project("{2150E333-8FDC-42A3-9474-1A3956D46DE8}") = "week01", "week01", "{863BC303-445E-4E20-BB67-950FA251186D}"
EndProject
Project("{9A19103F-16F7-4668-BE54-9A1E7A4F7556}") = "analyze", "week01\analyze\analyze.csproj", "{34D66803-66EF-4750-A811-99EFD173F7D7}"
EndProject
Project("{9A19103F-16F7-4668-BE54-9A1E7A4F7556}") = "code", "week01\code\code.csproj", "{90E3DA65-0F47-43F9-A085-9527A396ABAA}"
EndProject
Project("{9A19103F-16F7-4668-BE54-9A1E7A4F7556}") = "teach", "week01\teach\teach.csproj", "{C4DE5D2A-99B7-452A-9C94-83BE0531130D}"
EndProject
Project("{2150E333-8FDC-42A3-9474-1A3956D46DE8}") = "week02", "week02", "{7229C869-FDF6-4A02-B997-6EA6BDAFCBAC}"
EndProject
Project("{9A19103F-16F7-4668-BE54-9A1E7A4F7556}") = "analyze", "week02\analyze\analyze.csproj", "{ECD11456-BF8D-4622-888B-58C8676EC5E3}"
EndProject
Project("{9A19103F-16F7-4668-BE54-9A1E7A4F7556}") = "code", "week02\code\code.csproj", "{3BE367CE-3EC5-4B83-9529-061B16F2B8DB}"
EndProject
Project("{9A19103F-16F7-4668-BE54-9A1E7A4F7556}") = "learn", "week02\learn\learn.csproj", "{00FE1DDA-A95B-4461-851D-93FD9689F7F2}"
EndProject
Project("{9A19103F-16F7-4668-BE54-9A1E7A4F7556}") = "teach", "week02\teach\teach.csproj", "{E3CBB86F-5A21-4310-B69E-2C7203AC992B}"
EndProject
Project("{2150E333-8FDC-42A3-9474-1A3956D46DE8}") = "week03", "week03", "{CD901AF0-EC23-41F4-BE17-668C06D48E11}"
EndProject
Project("{9A19103F-16F7-4668-BE54-9A1E7A4F7556}") = "code", "week03\code\code.csproj", "{4AFFCB58-9A82-4CBF-866E-A5EC363A09D8}"
EndProject
Project("{9A19103F-16F7-4668-BE54-9A1E7A4F7556}") = "learn", "week03\learn\learn.csproj", "{EE0FCFF3-23D8-4169-8392-DCB77A385525}"
EndProject
Project("{9A19103F-16F7-4668-BE54-9A1E7A4F7556}") = "teach", "week03\teach\teach.csproj", "{38A37E0D-9C8A-48BD-9354-3D836950BDF3}"
EndProject
Project("{2150E333-8FDC-42A3-9474-1A3956D46DE8}") = "week04", "week04", "{2B0B55B1-1DCD-4DBB-BBF7-00F8D2C6F6E0}"
EndProject
Project("{9A19103F-16F7-4668-BE54-9A1E7A4F7556}") = "code", "week04\code\code.csproj", "{0EA51786-6574-45B3-8927-768CD05C397A}"
EndProject
Project("{2150E333-8FDC-42A3-9474-1A3956D46DE8}") = "week05", "week05", "{844CD08D-98F2-4606-839E-BEBED43C28F1}"
EndProject
Project("{9A19103F-16F7-4668-BE54-9A1E7A4F7556}") = "code", "week05\code\code.csproj", "{4F9F9458-F118-40FF-8F14-AAB282D8D2D9}"
EndProject
Project("{2150E333-8FDC-42A3-9474-1A3956D46DE8}") = "week06", "week06", "{A2DBFEDF-F33A-4407-8AE6-63752EF16B43}"
EndProject
Project("{9A19103F-16F7-4668-BE54-9A1E7A4F7556}") = "code", "week06\code\code.csproj", "{FB759827-57B9-4377-B9C1-3FE7A078FCCF}"
EndProject
Global
	GlobalSection(SolutionConfigurationPlatforms) = preSolution
		Debug|Any CPU = Debug|Any CPU
		Release|Any CPU = Release|Any CPU
	EndGlobalSection
	GlobalSection(ProjectConfigurationPlatforms) = postSolution
		{DD14806F-4D88-438E-8C83-B49299736214}.Debug|Any CPU.ActiveCfg = Debug|Any CPU
		{DD14806F-4D88-438E-8C83-B49299736214}.Debug|Any CPU.Build.0 = Debug|Any CPU
		{DD14806F-4D88-438E-8C83-B49299736214}.Release|Any CPU.ActiveCfg = Release|Any CPU
		{DD14806F-4D88-438E-8C83-B49299736214}.Release|Any CPU.Build.0 = Release|Any CPU
		{34D66803-66EF-4750-A811-99EFD173F7D7}.Debug|Any CPU.ActiveCfg = Debug|Any CPU
		{34D66803-66EF-4750-A811-99EFD173F7D7}.Debug|Any CPU.Build.0 = Debug|Any CPU
		{34D66803-66EF-4750-A811-99EFD173F7D7}.Release|Any CPU.ActiveCfg = Release|Any CPU
		{34D66803-66EF-4750-A811-99EFD173F7D7}.Release|Any CPU.Build.0 = Release|Any CPU
		{90E3DA65-0F47-43F9-A085-9527A396ABAA}.Debug|Any CPU.ActiveCfg = Debug|Any CPU
		{90E3DA65-0F47-43F9-A085-9527A396ABAA}.Debug|Any CPU.Build.0 = Debug|Any CPU
		{90E3DA65-0F47-43F9-A085-9527A396ABAA}.Release|Any CPU.ActiveCfg = Release|Any CPU
		{90E3DA65-0F47-43F9-A085-9527A396ABAA}.Release|Any CPU.Build.0 = Release|Any CPU
		{C4DE5D2A-99B7-452A-9C94-83BE0531130D}.Debug|Any CPU.ActiveCfg = Debug|Any CPU
		{C4DE5D2A-99B7-452A-9C94-83BE0531130D}.Debug|Any CPU.Build.0 = Debug|Any CPU
		{C4DE5D2A-99B7-452A-9C94-83BE0531130D}.Release|Any CPU.ActiveCfg = Release|Any CPU
		{C4DE5D2A-99B7-452A-9C94-83BE0531130D}.Release|Any CPU.Build.0 = Release|Any CPU
		{ECD11456-BF8D-4622-888B-58C8676EC5E3}.Debug|Any CPU.ActiveCfg = Debug|Any CPU
		{ECD11456-BF8D-4622-888B-58C8676EC5E3}.Debug|Any CPU.Build.0 = Debug|Any CPU
		{ECD11456-BF8D-4622-888B-58C8676EC5E3}.Release|Any CPU.ActiveCfg = Release|Any CPU
		{ECD11456-BF8D-4622-888B-58C8676EC5E3}.Release|Any CPU.Build.0 = Release|Any CPU
		{3BE367CE-3EC5-4B83-9529-061B16F2B8DB}.Debug|Any CPU.ActiveCfg = Debug|Any CPU
		{3BE367CE-3EC5-4B83-9529-061B16F2B8DB}.Debug|Any CPU.Build.0 = Debug|Any CPU
		{3BE367CE-3EC5-4B83-9529-061B16F2B8DB}.Release|Any CPU.ActiveCfg = Release|Any CPU
		{3BE367CE-3EC5-4B83-9529-061B16F2B8DB}.Release|Any CPU.Build.0 = Release|Any CPU
		{00FE1DDA-A95B-4461-851D-93FD9689F7F2}.Debug|Any CPU.ActiveCfg = Debug|Any CPU
		{00FE1DDA-A95B-4461-851D-93FD9689F7F2}.Debug|Any CPU.Build.0 = Debug|Any CPU
		{00FE1DDA-A95B-4461-851D-93FD9689F7F2}.Release|Any CPU.ActiveCfg = Release|Any CPU
		{00FE1DDA-A95B-4461-851D-93FD9689F7F2}.Release|Any CPU.Build.0 = Release|Any CPU
		{E3CBB86F-5A21-4310-B69E-2C7203AC992B}.Debug|Any CPU.ActiveCfg = Debug|Any CPU
		{E3CBB86F-5A21-4310-B69E-2C7203AC992B}.Debug|Any CPU.Build.0 = Debug|Any CPU
		{E3CBB86F-5A21-4310-B69E-2C7203AC992B}.Release|Any CPU.ActiveCfg = Release|Any CPU
		{E3CBB86F-5A21-4310-B69E-2C7203AC992B}.Release|Any CPU.Build.0 = Release|Any CPU
		{4AFFCB58-9A82-4CBF-866E-A5EC363A09D8}.Debug|Any CPU.ActiveCfg = Debug|Any CPU
		{4AFFCB58-9A82-4CBF-866E-A5EC363A09D8}.Debug|Any CPU.Build.0 = Debug|Any CPU
		{4AFFCB58-9A82-4CBF-866E-A5EC363A09D8}.Release|Any CPU.ActiveCfg = Release|Any CPU
		{4AFFCB58-9A82-4CBF-866E-A5EC363A09D8}.Release|Any CPU.Build.0 = Release|Any CPU
		{EE0FCFF3-23D8-4169-8392-DCB77A385525}.Debug|Any CPU.ActiveCfg = Debug|Any CPU
		{EE0FCFF3-23D8-4169-8392-DCB77A385525}.Debug|Any CPU.Build.0 = Debug|Any CPU
		{EE0FCFF3-23D8-4169-8392-DCB77A385525}.Release|Any CPU.ActiveCfg = Release|Any CPU
		{EE0FCFF3-23D8-4169-8392-DCB77A385525}.Release|Any CPU.Build.0 = Release|Any CPU
		{38A37E0D-9C8A-48BD-9354-3D836950BDF3}.Debug|Any CPU.ActiveCfg = Debug|Any CPU
		{38A37E0D-9C8A-48BD-9354-3D836950BDF3}.Debug|Any CPU.Build.0 = Debug|Any CPU
		{38A37E0D-9C8A-48BD-9354-3D836950BDF3}.Release|Any CPU.ActiveCfg = Release|Any CPU
		{38A37E0D-9C8A-48BD-9354-3D836950BDF3}.Release|Any CPU.Build.0 = Release|Any CPU
		{0EA51786-6574-45B3-8927-768CD05C397A}.Debug|Any CPU.ActiveCfg = Debug|Any CPU
		{0EA51786-6574-45B3-8927-768CD05C397A}.Debug|Any CPU.Build.0 = Debug|Any CPU
		{0EA51786-6574-45B3-8927-768CD05C397A}.Release|Any CPU.ActiveCfg = Release|Any CPU
		{0EA51786-6574-45B3-8927-768CD05C397A}.Release|Any CPU.Build.0 = Release|Any CPU
		{4F9F9458-F118-40FF-8F14-AAB282D8D2D9}.Debug|Any CPU.ActiveCfg = Debug|Any CPU
		{4F9F9458-F118-40FF-8F14-AAB282D8D2D9}.Debug|Any CPU.Build.0 = Debug|Any CPU
		{4F9F9458-F118-40FF-8F14-AAB282D8D2D9}.Release|Any CPU.ActiveCfg = Release|Any CPU
		{4F9F9458-F118-40FF-8F14-AAB282D8D2D9}.Release|Any CPU.Build.0 = Release|Any CPU
		{FB759827-57B9-4377-B9C1-3FE7A078FCCF}.Debug|Any CPU.ActiveCfg = Debug|Any CPU
		{FB759827-57B9-4377-B9C1-3FE7A078FCCF}.Debug|Any CPU.Build.0 = Debug|Any CPU
		{FB759827-57B9-4377-B9C1-3FE7A078FCCF}.Release|Any CPU.ActiveCfg = Release|Any CPU
		{FB759827-57B9-4377-B9C1-3FE7A078FCCF}.Release|Any CPU.Build.0 = Release|Any CPU
	EndGlobalSection
	GlobalSection(SolutionProperties) = preSolution
		HideSolutionNode = FALSE
	EndGlobalSection
	GlobalSection(NestedProjects) = preSolution
		{DD14806F-4D88-438E-8C83-B49299736214} = {DC2F4167-BCCB-4F71-A470-7FB660F9AF82}
		{34D66803-66EF-4750-A811-99EFD173F7D7} = {863BC303-445E-4E20-BB67-950FA251186D}
		{90E3DA65-0F47-43F9-A085-9527A396ABAA} = {863BC303-445E-4E20-BB67-950FA251186D}
		{C4DE5D2A-99B7-452A-9C94-83BE0531130D} = {863BC303-445E-4E20-BB67-950FA251186D}
		{ECD11456-BF8D-4622-888B-58C8676EC5E3} = {7229C869-FDF6-4A02-B997-6EA6BDAFCBAC}
		{3BE367CE-3EC5-4B83-9529-061B16F2B8DB} = {7229C869-FDF6-4A02-B997-6EA6BDAFCBAC}
		{00FE1DDA-A95B-4461-851D-93FD9689F7F2} = {7229C869-FDF6-4A02-B997-6EA6BDAFCBAC}
		{E3CBB86F-5A21-4310-B69E-2C7203AC992B} = {7229C869-FDF6-4A02-B997-6EA6BDAFCBAC}
		{4AFFCB58-9A82-4CBF-866E-A5EC363A09D8} = {CD901AF0-EC23-41F4-BE17-668C06D48E11}
		{EE0FCFF3-23D8-4169-8392-DCB77A385525} = {CD901AF0-EC23-41F4-BE17-668C06D48E11}
		{38A37E0D-9C8A-48BD-9354-3D836950BDF3} = {CD901AF0-EC23-41F4-BE17-668C06D48E11}
		{0EA51786-6574-45B3-8927-768CD05C397A} = {2B0B55B1-1DCD-4DBB-BBF7-00F8D2C6F6E0}
		{4F9F9458-F118-40FF-8F14-AAB282D8D2D9} = {844CD08D-98F2-4606-839E-BEBED43C28F1}
		{FB759827-57B9-4377-B9C1-3FE7A078FCCF} = {A2DBFEDF-F33A-4407-8AE6-63752EF16B43}
	EndGlobalSection
	GlobalSection(ExtensibilityGlobals) = postSolution
		SolutionGuid = {0D0F6F4A-78CB-4ADE-9F55-D2C37A187999}
	EndGlobalSection
EndGlobal
